
Microsoft Visual Studio Solution File, Format Version 12.00
# Visual Studio 14
VisualStudioVersion = 14.0.24720.0
MinimumVisualStudioVersion = 10.0.40219.1
Project("{FAE04EC0-301F-11D3-BF4B-00C04F79EFBC}") = "Linq", "Linq\Linq.csproj", "{00144AAC-F313-41DF-AB35-541EAB7B7D0E}"
EndProject
Project("{FAE04EC0-301F-11D3-BF4B-00C04F79EFBC}") = "Linq.Tests", "Linq.Tests\Linq.Tests.csproj", "{6ADA8AF1-B2BC-42CD-A1EC-185166437DAD}"
EndProject
Global
	GlobalSection(SolutionConfigurationPlatforms) = preSolution
		Debug|Any CPU = Debug|Any CPU
		Release|Any CPU = Release|Any CPU
	EndGlobalSection
	GlobalSection(ProjectConfigurationPlatforms) = postSolution
		{00144AAC-F313-41DF-AB35-541EAB7B7D0E}.Debug|Any CPU.ActiveCfg = Debug|Any CPU
		{00144AAC-F313-41DF-AB35-541EAB7B7D0E}.Debug|Any CPU.Build.0 = Debug|Any CPU
		{00144AAC-F313-41DF-AB35-541EAB7B7D0E}.Release|Any CPU.ActiveCfg = Release|Any CPU
		{00144AAC-F313-41DF-AB35-541EAB7B7D0E}.Release|Any CPU.Build.0 = Release|Any CPU
		{6ADA8AF1-B2BC-42CD-A1EC-185166437DAD}.Debug|Any CPU.ActiveCfg = Debug|Any CPU
		{6ADA8AF1-B2BC-42CD-A1EC-185166437DAD}.Debug|Any CPU.Build.0 = Debug|Any CPU
		{6ADA8AF1-B2BC-42CD-A1EC-185166437DAD}.Release|Any CPU.ActiveCfg = Release|Any CPU
		{6ADA8AF1-B2BC-42CD-A1EC-185166437DAD}.Release|Any CPU.Build.0 = Release|Any CPU
	EndGlobalSection
	GlobalSection(SolutionProperties) = preSolution
		HideSolutionNode = FALSE
	EndGlobalSection
EndGlobal
